
Microsoft Visual Studio Solution File, Format Version 12.00
# Visual Studio Version 17
VisualStudioVersion = 17.7.34031.279
MinimumVisualStudioVersion = 10.0.40219.1
Project("{FAE04EC0-301F-11D3-BF4B-00C04F79EFBC}") = "Note-Taking", "Note-Taking\Note-Taking.csproj", "{707D74C9-AABD-4DD6-A4E0-A20531AB6D03}"
EndProject
Global
	GlobalSection(SolutionConfigurationPlatforms) = preSolution
		Debug|Any CPU = Debug|Any CPU
		Release|Any CPU = Release|Any CPU
	EndGlobalSection
	GlobalSection(ProjectConfigurationPlatforms) = postSolution
		{707D74C9-AABD-4DD6-A4E0-A20531AB6D03}.Debug|Any CPU.ActiveCfg = Debug|Any CPU
		{707D74C9-AABD-4DD6-A4E0-A20531AB6D03}.Debug|Any CPU.Build.0 = Debug|Any CPU
		{707D74C9-AABD-4DD6-A4E0-A20531AB6D03}.Release|Any CPU.ActiveCfg = Release|Any CPU
		{707D74C9-AABD-4DD6-A4E0-A20531AB6D03}.Release|Any CPU.Build.0 = Release|Any CPU
	EndGlobalSection
	GlobalSection(SolutionProperties) = preSolution
		HideSolutionNode = FALSE
	EndGlobalSection
	GlobalSection(ExtensibilityGlobals) = postSolution
		SolutionGuid = {94678482-E186-447E-8935-C79690C04DBE}
	EndGlobalSection
EndGlobal
